
Microsoft Visual Studio Solution File, Format Version 12.00
# Visual Studio Version 17
VisualStudioVersion = 17.9.34407.89
MinimumVisualStudioVersion = 10.0.40219.1
Project("{9A19103F-16F7-4668-BE54-9A1E7A4F7556}") = "OrleansShardedStorage", "OrleansShardedStorage\OrleansShardedStorage.csproj", "{C04DA75D-DEB0-4B96-B4D3-129768CA1825}"
EndProject
Global
	GlobalSection(SolutionConfigurationPlatforms) = preSolution
		Debug|Any CPU = Debug|Any CPU
		Release|Any CPU = Release|Any CPU
	EndGlobalSection
	GlobalSection(ProjectConfigurationPlatforms) = postSolution
		{C04DA75D-DEB0-4B96-B4D3-129768CA1825}.Debug|Any CPU.ActiveCfg = Debug|Any CPU
		{C04DA75D-DEB0-4B96-B4D3-129768CA1825}.Debug|Any CPU.Build.0 = Debug|Any CPU
		{C04DA75D-DEB0-4B96-B4D3-129768CA1825}.Release|Any CPU.ActiveCfg = Release|Any CPU
		{C04DA75D-DEB0-4B96-B4D3-129768CA1825}.Release|Any CPU.Build.0 = Release|Any CPU
	EndGlobalSection
	GlobalSection(SolutionProperties) = preSolution
		HideSolutionNode = FALSE
	EndGlobalSection
	GlobalSection(ExtensibilityGlobals) = postSolution
		SolutionGuid = {83CD553E-ACE1-4216-B3A6-21C084CFBC2A}
	EndGlobalSection
EndGlobal
